<Solution>
  <Folder Name="/src/">
    <Project Path="src/PasswordVault.Core/PasswordVault.Core.csproj" />
    <Project Path="src/PasswordVault.NativeHost/PasswordVault.NativeHost.csproj" />
    <Project Path="src/PasswordVault.App/PasswordVault.App.csproj" />
    <Project Path="src/PasswordVault.Cli/PasswordVault.Cli.csproj" />
  </Folder>
  <Folder Name="/tests/">
    <Project Path="tests/PasswordVault.Core.Tests/PasswordVault.Core.Tests.csproj" />
  </Folder>
</Solution>
